%{"arc": {:hex, :arc, "0.8.0", "bb7cf8ea50f30f9c2bb357270c074def42a7ec6a3b4605be731cc5faf8fde6fd", [:mix], [{:ex_aws, "~> 1.1", [hex: :ex_aws, optional: true]}, {:httpoison, "~> 0.11", [hex: :httpoison, optional: false]}, {:poison, "~> 2.2 or ~> 3.1", [hex: :poison, optional: true]}, {:sweet_xml, "~> 0.6", [hex: :sweet_xml, optional: true]}]},
  "arc_ecto": {:hex, :arc_ecto, "0.7.0", "428ed7ea4ed0be8996d8fc6e9f651d3e26fe9c9063f26cbf6731c865369845d3", [:mix], [{:arc, "~> 0.8.0", [hex: :arc, optional: false]}, {:ecto, "~> 2.0", [hex: :ecto, optional: false]}]},
  "arc_gcs": {:hex, :arc_gcs, "0.0.4", "e031808d1803821c3ad7ca8f8c1a9d3aa2ebff0af9f3c53e58007170e8bf3df0", [:mix], [{:arc, "~> 0.8", [hex: :arc, optional: false]}, {:goth, "~> 0.4", [hex: :goth, optional: false]}, {:sweet_xml, "~> 0.6", [hex: :sweet_xml, optional: false]}]},
  "bunt": {:hex, :bunt, "0.2.0", "951c6e801e8b1d2cbe58ebbd3e616a869061ddadcc4863d0a2182541acae9a38", [:mix], []},
  "calendar": {:hex, :calendar, "0.17.4", "22c5e8d98a4db9494396e5727108dffb820ee0d18fed4b0aa8ab76e4f5bc32f1", [:mix], [{:tzdata, "~> 0.5.8 or ~> 0.1.201603", [hex: :tzdata, optional: false]}]},
  "canada": {:hex, :canada, "1.0.2", "040e4c47609b0a67d5773ac1fbe5e99f840cef173d69b739beda7c98453e0770", [:mix], []},
  "certifi": {:hex, :certifi, "2.0.0", "a0c0e475107135f76b8c1d5bc7efb33cd3815cb3cf3dea7aefdd174dabead064", [:rebar3], []},
  "connection": {:hex, :connection, "1.0.4", "a1cae72211f0eef17705aaededacac3eb30e6625b04a6117c1b2db6ace7d5976", [:mix], []},
  "cowboy": {:hex, :cowboy, "1.1.2", "61ac29ea970389a88eca5a65601460162d370a70018afe6f949a29dca91f3bb0", [:rebar3], [{:cowlib, "~> 1.0.2", [hex: :cowlib, optional: false]}, {:ranch, "~> 1.3.2", [hex: :ranch, optional: false]}]},
  "cowlib": {:hex, :cowlib, "1.0.2", "9d769a1d062c9c3ac753096f868ca121e2730b9a377de23dec0f7e08b1df84ee", [:make], []},
  "credo": {:hex, :credo, "0.8.7", "b1aad9cd3aa7acdbaea49765bfc9f1605dc4555023a037dc9ea7a70539615bc8", [:mix], [{:bunt, "~> 0.2.0", [hex: :bunt, optional: false]}]},
  "crontab": {:hex, :crontab, "1.1.2", "4784a50987b4a19af07a908f98e8a308b00f9c93efc5a7892155dc10cd8fc7d9", [:mix], [{:ecto, "~> 1.0 or ~> 2.0 or ~> 2.1", [hex: :ecto, optional: true]}]},
  "crypto_exchanges": {:hex, :crypto_exchanges, "0.3.0", "064a214f160b04828a90406797861243ebeccd1877a80d7522ddd138bfdaead4", [:mix], [{:httpoison, ">= 0.0.0", [hex: :httpoison, optional: false]}, {:poison, ">= 0.0.0", [hex: :poison, optional: false]}]},
  "csv": {:hex, :csv, "2.0.0", "c66fea89ba7862b94901baf0871285e9b73cad89c5fdb57a6386d2adcf29593e", [:mix], [{:parallel_stream, "~> 1.0.4", [hex: :parallel_stream, optional: false]}]},
  "db_connection": {:hex, :db_connection, "1.1.2", "2865c2a4bae0714e2213a0ce60a1b12d76a6efba0c51fbda59c9ab8d1accc7a8", [:mix], [{:connection, "~> 1.0.2", [hex: :connection, optional: false]}, {:poolboy, "~> 1.5", [hex: :poolboy, optional: true]}, {:sbroker, "~> 1.0", [hex: :sbroker, optional: true]}]},
  "decimal": {:hex, :decimal, "1.4.0", "fac965ce71a46aab53d3a6ce45662806bdd708a4a95a65cde8a12eb0124a1333", [:mix], []},
  "decimal_arithmetic": {:hex, :decimal_arithmetic, "0.1.1", "15f651ace567474d1d332f3cbf55e9203acb296a26591aa0f3fee346de4ff775", [:mix], [{:decimal, "~> 1.1", [hex: :decimal, optional: false]}]},
  "earmark": {:hex, :earmark, "1.2.3", "206eb2e2ac1a794aa5256f3982de7a76bf4579ff91cb28d0e17ea2c9491e46a4", [:mix], []},
  "ecto": {:hex, :ecto, "2.2.5", "f1ebe297c6a895f81cddf5176b71670a91373e74a8012a24c8f195bf01db90f0", [:mix], [{:db_connection, "~> 1.1", [hex: :db_connection, optional: true]}, {:decimal, "~> 1.2", [hex: :decimal, optional: false]}, {:mariaex, "~> 0.8.0", [hex: :mariaex, optional: true]}, {:poison, "~> 2.2 or ~> 3.0", [hex: :poison, optional: true]}, {:poolboy, "~> 1.5", [hex: :poolboy, optional: false]}, {:postgrex, "~> 0.13.0", [hex: :postgrex, optional: true]}, {:sbroker, "~> 1.0", [hex: :sbroker, optional: true]}]},
  "ex_machina": {:hex, :ex_machina, "2.1.0", "4874dc9c78e7cf2d429f24dc3c4005674d4e4da6a08be961ffccc08fb528e28b", [:mix], [{:ecto, "~> 2.1", [hex: :ecto, optional: true]}]},
  "exactor": {:hex, :exactor, "2.2.3", "a6972f43bb6160afeb73e1d8ab45ba604cd0ac8b5244c557093f6e92ce582786", [:mix], []},
  "excoveralls": {:hex, :excoveralls, "0.7.4", "3d84b2f15a0e593159f74b19f83794b464b34817183d27965bdc6c462de014f9", [:mix], [{:exjsx, ">= 3.0.0", [hex: :exjsx, optional: false]}, {:hackney, ">= 0.12.0", [hex: :hackney, optional: false]}]},
  "exjsx": {:hex, :exjsx, "3.2.1", "1bc5bf1e4fd249104178f0885030bcd75a4526f4d2a1e976f4b428d347614f0f", [:mix], [{:jsx, "~> 2.8.0", [hex: :jsx, optional: false]}]},
  "extwitter": {:hex, :extwitter, "0.8.6", "eb74428267805b376b898cf220ce40846668c6598ec763b45d705cd4f6a04e8d", [:mix], [{:oauther, "~> 1.1", [hex: :oauther, optional: false]}, {:poison, "~> 3.0", [hex: :poison, optional: false]}]},
  "exvcr": {:hex, :exvcr, "0.8.11", "76d6f3f93cb764ccb34abca3f54ecdd980a178f908d175e6a326535e0f18e863", [:mix], [{:exactor, "~> 2.2", [hex: :exactor, optional: false]}, {:exjsx, "~> 3.2", [hex: :exjsx, optional: false]}, {:httpoison, "~> 0.11", [hex: :httpoison, optional: true]}, {:httpotion, "~> 3.0", [hex: :httpotion, optional: true]}, {:ibrowse, "~> 4.2.2", [hex: :ibrowse, optional: true]}, {:meck, "~> 0.8.3", [hex: :meck, optional: false]}]},
  "file_system": {:hex, :file_system, "0.2.1", "c4bec8f187d2aabace4beb890f0d4e468f65ca051593db768e533a274d0df587", [:mix], []},
  "fs": {:hex, :fs, "0.9.2", "ed17036c26c3f70ac49781ed9220a50c36775c6ca2cf8182d123b6566e49ec59", [:rebar], []},
  "gen_stage": {:hex, :gen_stage, "0.12.2", "e0e347cbb1ceb5f4e68a526aec4d64b54ad721f0a8b30aa9d28e0ad749419cbb", [:mix], []},
  "gettext": {:hex, :gettext, "0.13.1", "5e0daf4e7636d771c4c71ad5f3f53ba09a9ae5c250e1ab9c42ba9edccc476263", [:mix], []},
  "goth": {:hex, :goth, "0.6.0", "eec31860265823d1f44e0eea0922a277f9c0dc33e5c2363faa429558f29c0bc6", [:mix], [{:httpoison, "~> 0.11", [hex: :httpoison, optional: false]}, {:json_web_token, "~> 0.2.10", [hex: :json_web_token, optional: false]}, {:poison, "~> 2.1 or ~> 3.0", [hex: :poison, optional: false]}]},
  "hackney": {:hex, :hackney, "1.9.0", "51c506afc0a365868469dcfc79a9d0b94d896ec741cfd5bd338f49a5ec515bfe", [:rebar3], [{:certifi, "2.0.0", [hex: :certifi, optional: false]}, {:idna, "5.1.0", [hex: :idna, optional: false]}, {:metrics, "1.0.1", [hex: :metrics, optional: false]}, {:mimerl, "1.0.2", [hex: :mimerl, optional: false]}, {:ssl_verify_fun, "1.1.1", [hex: :ssl_verify_fun, optional: false]}]},
  "httpoison": {:hex, :httpoison, "0.13.0", "bfaf44d9f133a6599886720f3937a7699466d23bb0cd7a88b6ba011f53c6f562", [:mix], [{:hackney, "~> 1.8", [hex: :hackney, optional: false]}]},
  "idna": {:hex, :idna, "5.1.0", "d72b4effeb324ad5da3cab1767cb16b17939004e789d8c0ad5b70f3cea20c89a", [:rebar3], [{:unicode_util_compat, "0.3.1", [hex: :unicode_util_compat, optional: false]}]},
  "json_web_token": {:hex, :json_web_token, "0.2.10", "61041d56369422c5e3a770cf7d7bf27224b3c4c12d3a7d79b43a002df766db22", [:mix], [{:poison, "~> 3.1", [hex: :poison, optional: false]}]},
  "jsx": {:hex, :jsx, "2.8.2", "7acc7d785b5abe8a6e9adbde926a24e481f29956dd8b4df49e3e4e7bcc92a018", [:mix, :rebar3], []},
  "mariaex": {:hex, :mariaex, "0.8.3", "bf51ff4d480f68400bad69d1ebe778b6edbcafa4dd0429826ae1dd89cb90c8ad", [:mix], [{:db_connection, "~> 1.1", [hex: :db_connection, optional: false]}, {:decimal, "~> 1.0", [hex: :decimal, optional: false]}]},
  "meck": {:hex, :meck, "0.8.8", "eeb3efe811d4346e1a7f65b2738abc2ad73cbe1a2c91b5dd909bac2ea0414fa6", [:rebar3], []},
  "metrics": {:hex, :metrics, "1.0.1", "25f094dea2cda98213cecc3aeff09e940299d950904393b2a29d191c346a8486", [:rebar3], []},
  "mime": {:hex, :mime, "1.1.0", "01c1d6f4083d8aa5c7b8c246ade95139620ef8effb009edde934e0ec3b28090a", [:mix], []},
  "mimerl": {:hex, :mimerl, "1.0.2", "993f9b0e084083405ed8252b99460c4f0563e41729ab42d9074fd5e52439be88", [:rebar3], []},
  "mix_test_watch": {:hex, :mix_test_watch, "0.5.0", "2c322d119a4795c3431380fca2bca5afa4dc07324bd3c0b9f6b2efbdd99f5ed3", [:mix], [{:fs, "~> 0.9.1", [hex: :fs, optional: false]}]},
  "msgpax": {:hex, :msgpax, "0.8.2", "0e83d86e7cbf1bdcf7b870c25951df042ec19f9804a1a9c2fa59091a43ee2886", [:mix], []},
  "number": {:hex, :number, "0.5.4", "221ee2988dc3abaa3bd4dce43cbe603f20c8ca7343fc160769434fddd19c6fc0", [:mix], [{:decimal, "~> 1.0", [hex: :decimal, optional: false]}, {:decimal_arithmetic, "~> 0.1", [hex: :decimal_arithmetic, optional: false]}]},
  "oauth2": {:hex, :oauth2, "0.9.1", "cac86d87f35ec835bfe4c791263bdb88c0d8bf1617d64f555ede4e9d913e35ef", [:mix], [{:hackney, "~> 1.7", [hex: :hackney, optional: false]}]},
  "oauther": {:hex, :oauther, "1.1.0", "c9a56e200507ce64e069f5273143db0cddd7904cd5d1fe46920388a48f22441b", [:mix], []},
  "parallel_stream": {:hex, :parallel_stream, "1.0.5", "4c78d3e675f9eff885cbe252c89a8fc1d2fb803c0d03a914281e587834e09431", [:mix], []},
  "phoenix": {:hex, :phoenix, "1.3.0", "1c01124caa1b4a7af46f2050ff11b267baa3edb441b45dbf243e979cd4c5891b", [:mix], [{:cowboy, "~> 1.0", [hex: :cowboy, optional: true]}, {:phoenix_pubsub, "~> 1.0", [hex: :phoenix_pubsub, optional: false]}, {:plug, "~> 1.3.3 or ~> 1.4", [hex: :plug, optional: false]}, {:poison, "~> 2.2 or ~> 3.0", [hex: :poison, optional: false]}]},
  "phoenix_ecto": {:hex, :phoenix_ecto, "3.3.0", "702f6e164512853d29f9d20763493f2b3bcfcb44f118af2bc37bb95d0801b480", [:mix], [{:ecto, "~> 2.1", [hex: :ecto, optional: false]}, {:phoenix_html, "~> 2.9", [hex: :phoenix_html, optional: true]}, {:plug, "~> 1.0", [hex: :plug, optional: false]}]},
  "phoenix_html": {:hex, :phoenix_html, "2.10.4", "d4f99c32d5dc4918b531fdf163e1fd7cf20acdd7703f16f5d02d4db36de803b7", [:mix], [{:plug, "~> 1.0", [hex: :plug, optional: false]}]},
  "phoenix_live_reload": {:hex, :phoenix_live_reload, "1.1.2", "dfd31cc1eb091533b4419bbdb67bec9767bb26c9fe09602e6cca313fab5302d0", [:mix], [{:file_system, "~> 0.2.1 or ~> 0.3", [hex: :file_system, optional: false]}, {:phoenix, "~> 1.0 or ~> 1.2 or ~> 1.3", [hex: :phoenix, optional: false]}]},
  "phoenix_pubsub": {:hex, :phoenix_pubsub, "1.0.2", "bfa7fd52788b5eaa09cb51ff9fcad1d9edfeb68251add458523f839392f034c1", [:mix], []},
  "plug": {:hex, :plug, "1.4.3", "236d77ce7bf3e3a2668dc0d32a9b6f1f9b1f05361019946aae49874904be4aed", [:mix], [{:cowboy, "~> 1.0.1 or ~> 1.1", [hex: :cowboy, optional: true]}, {:mime, "~> 1.0", [hex: :mime, optional: false]}]},
  "poison": {:hex, :poison, "3.1.0", "d9eb636610e096f86f25d9a46f35a9facac35609a7591b3be3326e99a0484665", [:mix], []},
  "poolboy": {:hex, :poolboy, "1.5.1", "6b46163901cfd0a1b43d692657ed9d7e599853b3b21b95ae5ae0a777cf9b6ca8", [:rebar], []},
  "postgrex": {:hex, :postgrex, "0.13.3", "c277cfb2a9c5034d445a722494c13359e361d344ef6f25d604c2353185682bfc", [:mix], [{:connection, "~> 1.0", [hex: :connection, optional: false]}, {:db_connection, "~> 1.1", [hex: :db_connection, optional: false]}, {:decimal, "~> 1.0", [hex: :decimal, optional: false]}]},
  "quantum": {:hex, :quantum, "2.1.0", "eafedc25cd2fc930644df2f6c28393d8de42a4e768954c9b543a1b0ede66e606", [:mix], [{:calendar, "~> 0.17", [hex: :calendar, optional: true]}, {:crontab, "~> 1.1", [hex: :crontab, optional: false]}, {:gen_stage, "~> 0.12.2", [hex: :gen_stage, optional: false]}, {:timex, "~> 3.1.13", [hex: :timex, optional: true]}]},
  "ranch": {:hex, :ranch, "1.3.2", "e4965a144dc9fbe70e5c077c65e73c57165416a901bd02ea899cfd95aa890986", [:rebar3], []},
  "scrivener": {:hex, :scrivener, "2.3.0", "16b1d744202d47233798205447b35592d96a209241c566304f84ddef63c718b2", [:mix], []},
  "scrivener_ecto": {:hex, :scrivener_ecto, "1.2.3", "3255aee5cabfccedcb350f7e5f9f540fb72b8705a763612399264b11ae34faa9", [:mix], [{:ecto, "~> 2.0", [hex: :ecto, optional: false]}, {:postgrex, "~> 0.11.0 or ~> 0.12.0 or ~> 0.13.0", [hex: :postgrex, optional: true]}, {:scrivener, "~> 2.3", [hex: :scrivener, optional: false]}]},
  "scrivener_html": {:hex, :scrivener_html, "1.7.1", "afa35128fb36184bc469e4531bb1ef61b2d91bb29e373157068c62332291485f", [:mix], [{:phoenix, "~> 1.0-pre and < 1.4.0", [hex: :phoenix, optional: true]}, {:phoenix_html, "~> 2.2", [hex: :phoenix_html, optional: false]}, {:plug, "~> 1.1", [hex: :plug, optional: false]}, {:scrivener, "~> 1.2 or ~> 2.0", [hex: :scrivener, optional: false]}]},
  "spell": {:hex, :spell, "0.1.0", "a5214cfcb67fbe264884d46d699c90e384fb5785fe4765c6357e03a2f808c0dd", [:mix], [{:msgpax, "~> 0.7", [hex: :msgpax, optional: false]}, {:poison, "~> 1.4.0", [hex: :poison, optional: false]}]},
  "ssl_verify_fun": {:hex, :ssl_verify_fun, "1.1.1", "28a4d65b7f59893bc2c7de786dec1e1555bd742d336043fe644ae956c3497fbe", [:make, :rebar], []},
  "sweet_xml": {:hex, :sweet_xml, "0.6.5", "dd9cde443212b505d1b5f9758feb2000e66a14d3c449f04c572f3048c66e6697", [:mix], []},
  "tentacat": {:hex, :tentacat, "0.7.0", "3b5327c9cf2ace5e0ccd75b609d57a672cce00941605951858011e56f3b3357b", [:mix], [{:exjsx, "~> 3.2", [hex: :exjsx, optional: false]}, {:httpoison, "~> 0.8", [hex: :httpoison, optional: false]}]},
  "tzdata": {:hex, :tzdata, "0.5.12", "1c17b68692c6ba5b6ab15db3d64cc8baa0f182043d5ae9d4b6d35d70af76f67b", [:mix], [{:hackney, "~> 1.0", [hex: :hackney, optional: false]}]},
  "ueberauth": {:hex, :ueberauth, "0.4.0", "bc72d5e5a7bdcbfcf28a756e34630816edabc926303bdce7e171f7ac7ffa4f91", [:mix], [{:plug, "~> 1.2", [hex: :plug, optional: false]}]},
  "ueberauth_github": {:hex, :ueberauth_github, "0.5.0", "5478188ddfd294f3a5c981d830eab54865fe465851e87270a998db31ade26c52", [:mix], [{:oauth2, "~> 0.9", [hex: :oauth2, optional: false]}, {:ueberauth, "~> 0.4", [hex: :ueberauth, optional: false]}]},
  "unicode_util_compat": {:hex, :unicode_util_compat, "0.3.1", "a1f612a7b512638634a603c8f401892afbf99b8ce93a45041f8aaca99cadb85e", [:rebar3], []},
  "websocket_client": {:git, "https://github.com/jeremyong/websocket_client.git", "f465f229958293949e4a192bea65a7e47bb2f762", [tag: "v0.7"]},
  "websockex": {:hex, :websockex, "0.4.0", "72096b1257baffc52c5f15c7366fb468e373b3c6173a6fee45311bfdb8ee1256", [:mix], []}}
